
Microsoft Visual Studio Solution File, Format Version 12.00
# Visual Studio 14
VisualStudioVersion = 14.0.25420.1
MinimumVisualStudioVersion = 10.0.40219.1
Project("{FAE04EC0-301F-11D3-BF4B-00C04F79EFBC}") = "PartyInvites", "PartyInvites\PartyInvites.csproj", "{D49B42CF-5314-4817-9C48-7A31039C54A1}"
EndProject
Project("{FAE04EC0-301F-11D3-BF4B-00C04F79EFBC}") = "LanguageFeatures", "LanguageFeatures\LanguageFeatures.csproj", "{D5C251C0-D0DE-4ADE-AE2C-95FFEFDB67F6}"
EndProject
Project("{FAE04EC0-301F-11D3-BF4B-00C04F79EFBC}") = "Razor", "Razor\Razor.csproj", "{22F88AD4-F449-4DCB-A913-EAC6C373B34A}"
EndProject
Global
	GlobalSection(SolutionConfigurationPlatforms) = preSolution
		Debug|Any CPU = Debug|Any CPU
		Release|Any CPU = Release|Any CPU
	EndGlobalSection
	GlobalSection(ProjectConfigurationPlatforms) = postSolution
		{D49B42CF-5314-4817-9C48-7A31039C54A1}.Debug|Any CPU.ActiveCfg = Debug|Any CPU
		{D49B42CF-5314-4817-9C48-7A31039C54A1}.Debug|Any CPU.Build.0 = Debug|Any CPU
		{D49B42CF-5314-4817-9C48-7A31039C54A1}.Release|Any CPU.ActiveCfg = Release|Any CPU
		{D49B42CF-5314-4817-9C48-7A31039C54A1}.Release|Any CPU.Build.0 = Release|Any CPU
		{D5C251C0-D0DE-4ADE-AE2C-95FFEFDB67F6}.Debug|Any CPU.ActiveCfg = Debug|Any CPU
		{D5C251C0-D0DE-4ADE-AE2C-95FFEFDB67F6}.Debug|Any CPU.Build.0 = Debug|Any CPU
		{D5C251C0-D0DE-4ADE-AE2C-95FFEFDB67F6}.Release|Any CPU.ActiveCfg = Release|Any CPU
		{D5C251C0-D0DE-4ADE-AE2C-95FFEFDB67F6}.Release|Any CPU.Build.0 = Release|Any CPU
		{22F88AD4-F449-4DCB-A913-EAC6C373B34A}.Debug|Any CPU.ActiveCfg = Debug|Any CPU
		{22F88AD4-F449-4DCB-A913-EAC6C373B34A}.Debug|Any CPU.Build.0 = Debug|Any CPU
		{22F88AD4-F449-4DCB-A913-EAC6C373B34A}.Release|Any CPU.ActiveCfg = Release|Any CPU
		{22F88AD4-F449-4DCB-A913-EAC6C373B34A}.Release|Any CPU.Build.0 = Release|Any CPU
	EndGlobalSection
	GlobalSection(SolutionProperties) = preSolution
		HideSolutionNode = FALSE
	EndGlobalSection
EndGlobal
